
Microsoft Visual Studio Solution File, Format Version 12.00
# Visual Studio 15
VisualStudioVersion = 15.0.27428.2002
MinimumVisualStudioVersion = 10.0.40219.1
Project("{888888A0-9F3D-457C-B088-3A5042F75D52}") = "SquashDeepLearning", "SquashDeepLearning\SquashDeepLearning.pyproj", "{BA869351-DEB6-4678-8561-9B0A880CFF7D}"
EndProject
Global
	GlobalSection(SolutionConfigurationPlatforms) = preSolution
		Debug|Any CPU = Debug|Any CPU
		Release|Any CPU = Release|Any CPU
	EndGlobalSection
	GlobalSection(ProjectConfigurationPlatforms) = postSolution
		{BA869351-DEB6-4678-8561-9B0A880CFF7D}.Debug|Any CPU.ActiveCfg = Debug|Any CPU
		{BA869351-DEB6-4678-8561-9B0A880CFF7D}.Release|Any CPU.ActiveCfg = Release|Any CPU
	EndGlobalSection
	GlobalSection(SolutionProperties) = preSolution
		HideSolutionNode = FALSE
	EndGlobalSection
	GlobalSection(ExtensibilityGlobals) = postSolution
		SolutionGuid = {6A047991-7270-4B32-8F45-93BB21278E24}
	EndGlobalSection
EndGlobal
